
Microsoft Visual Studio Solution File, Format Version 12.00
# Visual Studio Version 17
VisualStudioVersion = 17.10.35013.160
MinimumVisualStudioVersion = 10.0.40219.1
Project("{FAE04EC0-301F-11D3-BF4B-00C04F79EFBC}") = "provaforms2", "provaforms2\provaforms2.csproj", "{8524D70B-936C-46FB-9BD8-60DB8E618B3E}"
EndProject
Global
	GlobalSection(SolutionConfigurationPlatforms) = preSolution
		Debug|Any CPU = Debug|Any CPU
		Release|Any CPU = Release|Any CPU
	EndGlobalSection
	GlobalSection(ProjectConfigurationPlatforms) = postSolution
		{8524D70B-936C-46FB-9BD8-60DB8E618B3E}.Debug|Any CPU.ActiveCfg = Debug|Any CPU
		{8524D70B-936C-46FB-9BD8-60DB8E618B3E}.Debug|Any CPU.Build.0 = Debug|Any CPU
		{8524D70B-936C-46FB-9BD8-60DB8E618B3E}.Release|Any CPU.ActiveCfg = Release|Any CPU
		{8524D70B-936C-46FB-9BD8-60DB8E618B3E}.Release|Any CPU.Build.0 = Release|Any CPU
	EndGlobalSection
	GlobalSection(SolutionProperties) = preSolution
		HideSolutionNode = FALSE
	EndGlobalSection
	GlobalSection(ExtensibilityGlobals) = postSolution
		SolutionGuid = {04B94E81-1560-4262-B942-8883F097F6C2}
	EndGlobalSection
EndGlobal
